
Microsoft Visual Studio Solution File, Format Version 12.00
# Visual Studio Version 16
VisualStudioVersion = 16.0.31112.23
MinimumVisualStudioVersion = 10.0.40219.1
Project("{FAE04EC0-301F-11D3-BF4B-00C04F79EFBC}") = "BuscarCEP", "BuscarCEP.csproj", "{51E1A334-1BAC-414D-BA90-602066D5FB26}"
EndProject
Global
	GlobalSection(SolutionConfigurationPlatforms) = preSolution
		Debug|Any CPU = Debug|Any CPU
		Release|Any CPU = Release|Any CPU
	EndGlobalSection
	GlobalSection(ProjectConfigurationPlatforms) = postSolution
		{51E1A334-1BAC-414D-BA90-602066D5FB26}.Debug|Any CPU.ActiveCfg = Debug|Any CPU
		{51E1A334-1BAC-414D-BA90-602066D5FB26}.Debug|Any CPU.Build.0 = Debug|Any CPU
		{51E1A334-1BAC-414D-BA90-602066D5FB26}.Release|Any CPU.ActiveCfg = Release|Any CPU
		{51E1A334-1BAC-414D-BA90-602066D5FB26}.Release|Any CPU.Build.0 = Release|Any CPU
	EndGlobalSection
	GlobalSection(SolutionProperties) = preSolution
		HideSolutionNode = FALSE
	EndGlobalSection
	GlobalSection(ExtensibilityGlobals) = postSolution
		SolutionGuid = {AFFC3F00-3372-4D68-80E4-2ED4F7605C9C}
	EndGlobalSection
EndGlobal
